
Microsoft Visual Studio Solution File, Format Version 12.00
# Visual Studio Version 17
VisualStudioVersion = 17.14.36221.1
MinimumVisualStudioVersion = 10.0.40219.1
Project("{8BC9CEB8-8B4A-11D0-8D11-00A0C91BC942}") = "Program", "Program.vcxproj", "{647B361D-5AE8-423F-A872-F9C742DA1DDA}"
EndProject
Project("{8BC9CEB8-8B4A-11D0-8D11-00A0C91BC942}") = "Class1st (Stream)", "..\Class1st (Stream)\Class1st (Stream).vcxproj", "{536A8A43-8F4F-42A7-B94D-6698DB57D248}"
EndProject
Project("{8BC9CEB8-8B4A-11D0-8D11-00A0C91BC942}") = "Class2nd (Class)", "..\Class2nd (Class)\Class2nd (Class).vcxproj", "{B5C785F5-9A6F-49D7-B0E6-1A7104EB1C7C}"
EndProject
Project("{8BC9CEB8-8B4A-11D0-8D11-00A0C91BC942}") = "Class3rd (Constructor & Destructor)", "..\Class3rd (Constructor & Destructor)\Class3rd (Constructor & Destructor).vcxproj", "{4CC0B00C-C47B-4FEB-8370-523DDF0AB8C9}"
EndProject
Project("{8BC9CEB8-8B4A-11D0-8D11-00A0C91BC942}") = "Class4th (Inheritance)", "..\Class4th (Inheritance)\Class4th (Inheritance).vcxproj", "{53AC153E-3B8C-42A4-8138-0A9DF4BA709C}"
EndProject
Project("{8BC9CEB8-8B4A-11D0-8D11-00A0C91BC942}") = "Class5th (Polymorphism)", "..\Class5th (Polymorphism)\Class5th (Polymorphism).vcxproj", "{859E83F2-E6DB-4A7E-9345-5318FA307EDB}"
EndProject
Global
	GlobalSection(SolutionConfigurationPlatforms) = preSolution
		Debug|x64 = Debug|x64
		Debug|x86 = Debug|x86
		Release|x64 = Release|x64
		Release|x86 = Release|x86
	EndGlobalSection
	GlobalSection(ProjectConfigurationPlatforms) = postSolution
		{647B361D-5AE8-423F-A872-F9C742DA1DDA}.Debug|x64.ActiveCfg = Debug|x64
		{647B361D-5AE8-423F-A872-F9C742DA1DDA}.Debug|x64.Build.0 = Debug|x64
		{647B361D-5AE8-423F-A872-F9C742DA1DDA}.Debug|x86.ActiveCfg = Debug|Win32
		{647B361D-5AE8-423F-A872-F9C742DA1DDA}.Debug|x86.Build.0 = Debug|Win32
		{647B361D-5AE8-423F-A872-F9C742DA1DDA}.Release|x64.ActiveCfg = Release|x64
		{647B361D-5AE8-423F-A872-F9C742DA1DDA}.Release|x64.Build.0 = Release|x64
		{647B361D-5AE8-423F-A872-F9C742DA1DDA}.Release|x86.ActiveCfg = Release|Win32
		{647B361D-5AE8-423F-A872-F9C742DA1DDA}.Release|x86.Build.0 = Release|Win32
		{536A8A43-8F4F-42A7-B94D-6698DB57D248}.Debug|x64.ActiveCfg = Debug|x64
		{536A8A43-8F4F-42A7-B94D-6698DB57D248}.Debug|x64.Build.0 = Debug|x64
		{536A8A43-8F4F-42A7-B94D-6698DB57D248}.Debug|x86.ActiveCfg = Debug|Win32
		{536A8A43-8F4F-42A7-B94D-6698DB57D248}.Debug|x86.Build.0 = Debug|Win32
		{536A8A43-8F4F-42A7-B94D-6698DB57D248}.Release|x64.ActiveCfg = Release|x64
		{536A8A43-8F4F-42A7-B94D-6698DB57D248}.Release|x64.Build.0 = Release|x64
		{536A8A43-8F4F-42A7-B94D-6698DB57D248}.Release|x86.ActiveCfg = Release|Win32
		{536A8A43-8F4F-42A7-B94D-6698DB57D248}.Release|x86.Build.0 = Release|Win32
		{B5C785F5-9A6F-49D7-B0E6-1A7104EB1C7C}.Debug|x64.ActiveCfg = Debug|x64
		{B5C785F5-9A6F-49D7-B0E6-1A7104EB1C7C}.Debug|x64.Build.0 = Debug|x64
		{B5C785F5-9A6F-49D7-B0E6-1A7104EB1C7C}.Debug|x86.ActiveCfg = Debug|Win32
		{B5C785F5-9A6F-49D7-B0E6-1A7104EB1C7C}.Debug|x86.Build.0 = Debug|Win32
		{B5C785F5-9A6F-49D7-B0E6-1A7104EB1C7C}.Release|x64.ActiveCfg = Release|x64
		{B5C785F5-9A6F-49D7-B0E6-1A7104EB1C7C}.Release|x64.Build.0 = Release|x64
		{B5C785F5-9A6F-49D7-B0E6-1A7104EB1C7C}.Release|x86.ActiveCfg = Release|Win32
		{B5C785F5-9A6F-49D7-B0E6-1A7104EB1C7C}.Release|x86.Build.0 = Release|Win32
		{4CC0B00C-C47B-4FEB-8370-523DDF0AB8C9}.Debug|x64.ActiveCfg = Debug|x64
		{4CC0B00C-C47B-4FEB-8370-523DDF0AB8C9}.Debug|x64.Build.0 = Debug|x64
		{4CC0B00C-C47B-4FEB-8370-523DDF0AB8C9}.Debug|x86.ActiveCfg = Debug|Win32
		{4CC0B00C-C47B-4FEB-8370-523DDF0AB8C9}.Debug|x86.Build.0 = Debug|Win32
		{4CC0B00C-C47B-4FEB-8370-523DDF0AB8C9}.Release|x64.ActiveCfg = Release|x64
		{4CC0B00C-C47B-4FEB-8370-523DDF0AB8C9}.Release|x64.Build.0 = Release|x64
		{4CC0B00C-C47B-4FEB-8370-523DDF0AB8C9}.Release|x86.ActiveCfg = Release|Win32
		{4CC0B00C-C47B-4FEB-8370-523DDF0AB8C9}.Release|x86.Build.0 = Release|Win32
		{53AC153E-3B8C-42A4-8138-0A9DF4BA709C}.Debug|x64.ActiveCfg = Debug|x64
		{53AC153E-3B8C-42A4-8138-0A9DF4BA709C}.Debug|x64.Build.0 = Debug|x64
		{53AC153E-3B8C-42A4-8138-0A9DF4BA709C}.Debug|x86.ActiveCfg = Debug|Win32
		{53AC153E-3B8C-42A4-8138-0A9DF4BA709C}.Debug|x86.Build.0 = Debug|Win32
		{53AC153E-3B8C-42A4-8138-0A9DF4BA709C}.Release|x64.ActiveCfg = Release|x64
		{53AC153E-3B8C-42A4-8138-0A9DF4BA709C}.Release|x64.Build.0 = Release|x64
		{53AC153E-3B8C-42A4-8138-0A9DF4BA709C}.Release|x86.ActiveCfg = Release|Win32
		{53AC153E-3B8C-42A4-8138-0A9DF4BA709C}.Release|x86.Build.0 = Release|Win32
		{859E83F2-E6DB-4A7E-9345-5318FA307EDB}.Debug|x64.ActiveCfg = Debug|x64
		{859E83F2-E6DB-4A7E-9345-5318FA307EDB}.Debug|x64.Build.0 = Debug|x64
		{859E83F2-E6DB-4A7E-9345-5318FA307EDB}.Debug|x86.ActiveCfg = Debug|Win32
		{859E83F2-E6DB-4A7E-9345-5318FA307EDB}.Debug|x86.Build.0 = Debug|Win32
		{859E83F2-E6DB-4A7E-9345-5318FA307EDB}.Release|x64.ActiveCfg = Release|x64
		{859E83F2-E6DB-4A7E-9345-5318FA307EDB}.Release|x64.Build.0 = Release|x64
		{859E83F2-E6DB-4A7E-9345-5318FA307EDB}.Release|x86.ActiveCfg = Release|Win32
		{859E83F2-E6DB-4A7E-9345-5318FA307EDB}.Release|x86.Build.0 = Release|Win32
	EndGlobalSection
	GlobalSection(SolutionProperties) = preSolution
		HideSolutionNode = FALSE
	EndGlobalSection
	GlobalSection(ExtensibilityGlobals) = postSolution
		SolutionGuid = {953ABC19-4706-4E54-B75A-68F561B0F322}
	EndGlobalSection
EndGlobal
